
Microsoft Visual Studio Solution File, Format Version 12.00
# Visual Studio 14
VisualStudioVersion = 14.0.23107.0
MinimumVisualStudioVersion = 10.0.40219.1
Project("{FAE04EC0-301F-11D3-BF4B-00C04F79EFBC}") = "Gestion_Caisse_Banque", "Gestion_Caisse_Banque\Gestion_Caisse_Banque.csproj", "{FD2B7D17-F820-4CF2-A335-28581B57A22B}"
EndProject
Global
	GlobalSection(SolutionConfigurationPlatforms) = preSolution
		Debug|Any CPU = Debug|Any CPU
		Release|Any CPU = Release|Any CPU
	EndGlobalSection
	GlobalSection(ProjectConfigurationPlatforms) = postSolution
		{FD2B7D17-F820-4CF2-A335-28581B57A22B}.Debug|Any CPU.ActiveCfg = Debug|Any CPU
		{FD2B7D17-F820-4CF2-A335-28581B57A22B}.Debug|Any CPU.Build.0 = Debug|Any CPU
		{FD2B7D17-F820-4CF2-A335-28581B57A22B}.Release|Any CPU.ActiveCfg = Release|Any CPU
		{FD2B7D17-F820-4CF2-A335-28581B57A22B}.Release|Any CPU.Build.0 = Release|Any CPU
	EndGlobalSection
	GlobalSection(SolutionProperties) = preSolution
		HideSolutionNode = FALSE
	EndGlobalSection
EndGlobal
